{
  "object": {
    "pins": [
      {
        "package": "WaniKani",
        "repositoryURL": "https://github.com/aaronsky/wanikani-swift",
        "state": {
          "branch": "main",
          "revision": "806e451dbeeb439bda88be772eeee94091b776d5",
          "version": null
        }
      }
    ]
  },
  "version": 1
}
